lockfileVersion: '9.0'

settings:
  autoInstallPeers: true
  excludeLinksFromLockfile: false

importers:

  .:
    dependencies:
      lodash:
        specifier: ^4.17.21
        version: 4.17.23
    devDependencies:
      cookie:
        specifier: 0.4.1
        version: 0.4.1

packages:

  cookie@0.4.1:
    resolution: {integrity: sha512-ZwrFkGJxUR3EIoXtO+yVE69Eb7KlixbaeAWfBQB9vVsNn/o+Yw69gBWSSDK825hQNdN+wF8zELf3dFNl/kxkUA==}
    engines: {node: '>= 0.6'}

  lodash@4.17.23:
    resolution: {integrity: sha512-LgVTMpQtIopCi79SJeDiP0TfWi5CNEc/L/aRdTh3yIvmZXTnheWpKjSZhnvMl8iXbC1tFg9gdHHDMLoV7CnG+w==}

snapshots:

  cookie@0.4.1: {}

  lodash@4.17.23: {}
