lockfileVersion: '6.0'

packages:
  .:
    dependencies:
      '@pnpm-sample/utils': link:packages/utils
    devDependencies: {}

  packages/app:
    dependencies:
      '@pnpm-sample/utils': link:../utils
      express: 4.18.2
    devDependencies: {}

  packages/utils:
    devDependencies: {}

dependencies:
  '@pnpm-sample/utils':
    specifier: workspace:*
    version: link:packages/utils
  express:
    specifier: ^4.18.2
    version: 4.18.2

patchedDependencies: {}
