# THIS IS AN AUTOGENERATED FILE. DO NOT EDIT THIS FILE DIRECTLY.
# yarn lockfile v1


accepts@1.0.0:
  version "1.0.0"
  resolved "https://registry.yarnpkg.com/accepts/-/accepts-1.0.0.tgz#3604c765586c3b9cf7877b6937cdbd4587f947dc"
  dependencies:
    mime "~1.2.11"
    negotiator "~0.3.0"

ansi-styles@~0.2.0:
  version "0.2.0"
  resolved "https://registry.yarnpkg.com/ansi-styles/-/ansi-styles-0.2.0.tgz#359ab4b15dcd64ba6d74734b72c36360a9af2c19"

buffer-crc32@0.2.1:
  version "0.2.1"
  resolved "https://registry.yarnpkg.com/buffer-crc32/-/buffer-crc32-0.2.1.tgz#be3e5382fc02b6d6324956ac1af98aa98b08534c"

chalk@0.3.0:
  version "0.3.0"
  resolved "https://registry.yarnpkg.com/chalk/-/chalk-0.3.0.tgz#1c98437737f1199ebcc1d4c48fd41b9f9c8e8f23"
  dependencies:
    ansi-styles "~0.2.0"
    has-color "~0.1.0"

cookie-signature@1.0.3:
  version "1.0.3"
  resolved "https://registry.yarnpkg.com/cookie-signature/-/cookie-signature-1.0.3.tgz#91cd997cc51fb641595738c69cda020328f50ff9"

cookie@0.1.0:
  version "0.1.0"
  resolved "https://registry.yarnpkg.com/cookie/-/cookie-0.1.0.tgz#90eb469ddce905c866de687efc43131d8801f9d0"

debug@*, "debug@>= 0.7.3 < 1":
  version "0.8.1"
  resolved "https://registry.yarnpkg.com/debug/-/debug-0.8.1.tgz#20ff4d26f5e422cb68a1bacbbb61039ad8c1c130"

escape-html@1.0.1:
  version "1.0.1"
  resolved "https://registry.yarnpkg.com/escape-html/-/escape-html-1.0.1.tgz#181a286ead397a39a92857cfb1d43052e356bff0"

express@~4.0.0:
  version "4.0.0"
  resolved "https://registry.yarnpkg.com/express/-/express-4.0.0.tgz#274dc82933c9f574cc38a0ce5ea8172be9c6b094"
  dependencies:
    accepts "1.0.0"
    buffer-crc32 "0.2.1"
    cookie "0.1.0"
    cookie-signature "1.0.3"
    debug ">= 0.7.3 < 1"
    escape-html "1.0.1"
    fresh "0.2.2"
    merge-descriptors "0.0.2"
    methods "0.1.0"
    parseurl "1.0.1"
    path-to-regexp "0.1.2"
    qs "0.6.6"
    range-parser "1.0.0"
    send "0.2.0"
    serve-static "1.0.1"
    type-is "1.0.0"
    utils-merge "1.0.0"

fresh@0.2.0:
  version "0.2.0"
  resolved "https://registry.yarnpkg.com/fresh/-/fresh-0.2.0.tgz#bfd9402cf3df12c4a4c310c79f99a3dde13d34a7"

fresh@0.2.2, fresh@~0.2.1:
  version "0.2.2"
  resolved "https://registry.yarnpkg.com/fresh/-/fresh-0.2.2.tgz#9731dcf5678c7faeb44fb903c4f72df55187fa77"

grunt-steroids@0.2.3:
  version "0.2.3"
  resolved "https://registry.yarnpkg.com/grunt-steroids/-/grunt-steroids-0.2.3.tgz#ac24d8597bbeae40cab972ead0a4a4ec5e6aa0a9"
  dependencies:
    chalk "0.3.0"
    lodash "2.4.1"
    wrench "1.5.4"
    xml2js "0.4.1"

has-color@~0.1.0:
  version "0.1.7"
  resolved "https://registry.yarnpkg.com/has-color/-/has-color-0.1.7.tgz#67144a5260c34fc3cca677d041daf52fe7b78b2f"

lodash@2.4.1, lodash@~2.4.1:
  version "2.4.1"
  resolved "https://registry.yarnpkg.com/lodash/-/lodash-2.4.1.tgz#5b7723034dda4d262e5a46fb2c58d7cc22f71420"

logfmt@~1.1.2:
  version "1.1.3"
  resolved "https://registry.yarnpkg.com/logfmt/-/logfmt-1.1.3.tgz#a28e482535d27b8a324bf84b8856a11ef8a5acb6"
  dependencies:
    lodash "~2.4.1"
    split "0.2.x"
    through "2.3.x"

merge-descriptors@0.0.2:
  version "0.0.2"
  resolved "https://registry.yarnpkg.com/merge-descriptors/-/merge-descriptors-0.0.2.tgz#c36a52a781437513c57275f39dd9d317514ac8c7"

methods@0.1.0:
  version "0.1.0"
  resolved "https://registry.yarnpkg.com/methods/-/methods-0.1.0.tgz#335d429eefd21b7bacf2e9c922a8d2bd14a30e4f"

mime@~1.2.11, mime@~1.2.9:
  version "1.2.11"
  resolved "https://registry.yarnpkg.com/mime/-/mime-1.2.11.tgz#58203eed86e3a5ef17aed2b7d9ebd47f0a60dd10"

negotiator@~0.3.0:
  version "0.3.0"
  resolved "https://registry.yarnpkg.com/negotiator/-/negotiator-0.3.0.tgz#706d692efeddf574d57ea9fb1ab89a4fa7ee8f60"

parseurl@1.0.1:
  version "1.0.1"
  resolved "https://registry.yarnpkg.com/parseurl/-/parseurl-1.0.1.tgz#2e57dce6efdd37c3518701030944c22bf388b7b4"

path-to-regexp@0.1.2:
  version "0.1.2"
  resolved "https://registry.yarnpkg.com/path-to-regexp/-/path-to-regexp-0.1.2.tgz#9b2b151f9cc3018c9eea50ca95729e05781712b4"

qs@0.6.6:
  version "0.6.6"
  resolved "https://registry.yarnpkg.com/qs/-/qs-0.6.6.tgz#6e015098ff51968b8a3c819001d5f2c89bc4b107"

range-parser@0.0.4:
  version "0.0.4"
  resolved "https://registry.yarnpkg.com/range-parser/-/range-parser-0.0.4.tgz#c0427ffef51c10acba0782a46c9602e744ff620b"

range-parser@1.0.0, range-parser@~1.0.0:
  version "1.0.0"
  resolved "https://registry.yarnpkg.com/range-parser/-/range-parser-1.0.0.tgz#a4b264cfe0be5ce36abe3765ac9c2a248746dbc0"

sax@0.5.x:
  version "0.5.8"
  resolved "https://registry.yarnpkg.com/sax/-/sax-0.5.8.tgz#d472db228eb331c2506b0e8c15524adb939d12c1"

send@0.1.4:
  version "0.1.4"
  resolved "https://registry.yarnpkg.com/send/-/send-0.1.4.tgz#be70d8d1be01de61821af13780b50345a4f71abd"
  dependencies:
    debug "*"
    fresh "0.2.0"
    mime "~1.2.9"
    range-parser "0.0.4"

send@0.2.0:
  version "0.2.0"
  resolved "https://registry.yarnpkg.com/send/-/send-0.2.0.tgz#067abf45cff8bffb29cbdb7439725b32388a2c58"
  dependencies:
    debug "*"
    fresh "~0.2.1"
    mime "~1.2.9"
    range-parser "~1.0.0"

serve-static@1.0.1:
  version "1.0.1"
  resolved "https://registry.yarnpkg.com/serve-static/-/serve-static-1.0.1.tgz#10dcbfd44b3e0291a131fc9ab4ab25a9f5a78a42"
  dependencies:
    send "0.1.4"

split@0.2.x:
  version "0.2.10"
  resolved "https://registry.yarnpkg.com/split/-/split-0.2.10.tgz#67097c601d697ce1368f418f06cd201cf0521a57"
  dependencies:
    through "2"

through@2, through@2.3.x:
  version "2.3.8"
  resolved "https://registry.yarnpkg.com/through/-/through-2.3.8.tgz#0dd4c9ffaabc357960b1b724115d7e0e86a2e1f5"

type-is@1.0.0:
  version "1.0.0"
  resolved "https://registry.yarnpkg.com/type-is/-/type-is-1.0.0.tgz#4ff424e97349a1ee1910b4bfc488595ecdc443fc"
  dependencies:
    mime "~1.2.11"

utils-merge@1.0.0:
  version "1.0.0"
  resolved "https://registry.yarnpkg.com/utils-merge/-/utils-merge-1.0.0.tgz#0294fb922bb9375153541c4f7096231f287c8af8"

wrench@1.5.4:
  version "1.5.4"
  resolved "https://registry.yarnpkg.com/wrench/-/wrench-1.5.4.tgz#2e8d9d3db3568cc1c001a4c8dceca772e5d21643"

xml2js@0.4.1:
  version "0.4.1"
  resolved "https://registry.yarnpkg.com/xml2js/-/xml2js-0.4.1.tgz#dee0630173a5c6ea62797f848615fd55c6bc6992"
  dependencies:
    sax "0.5.x"
    xmlbuilder ">=0.4.2"

xmlbuilder@>=0.4.2:
  version "8.2.2"
  resolved "https://registry.yarnpkg.com/xmlbuilder/-/xmlbuilder-8.2.2.tgz#69248673410b4ba42e1a6136551d2922335aa773"
