# THIS IS AN AUTOGENERATED FILE. DO NOT EDIT THIS FILE DIRECTLY.
# yarn lockfile v1


accepts@~1.0.7:
  version "1.0.7"
  resolved "https://registry.yarnpkg.com/accepts/-/accepts-1.0.7.tgz#5b501fb4f0704309964ccdb048172541208dab1a"
  dependencies:
    mime-types "~1.0.0"
    negotiator "0.4.7"

buffer-crc32@0.2.3:
  version "0.2.3"
  resolved "https://registry.yarnpkg.com/buffer-crc32/-/buffer-crc32-0.2.3.tgz#bb54519e95d107cbd2400e76d0cab1467336d921"

cookie-signature@1.0.4:
  version "1.0.4"
  resolved "https://registry.yarnpkg.com/cookie-signature/-/cookie-signature-1.0.4.tgz#0edd22286e3a111b9a2a70db363e925e867f6aca"

cookie@0.1.2:
  version "0.1.2"
  resolved "https://registry.yarnpkg.com/cookie/-/cookie-0.1.2.tgz#72fec3d24e48a3432073d90c12642005061004b1"

debug@1.0.2:
  version "1.0.2"
  resolved "https://registry.yarnpkg.com/debug/-/debug-1.0.2.tgz#3849591c10cce648476c3c7c2e2e3416db5963c4"
  dependencies:
    ms "0.6.2"

debug@1.0.3:
  version "1.0.3"
  resolved "https://registry.yarnpkg.com/debug/-/debug-1.0.3.tgz#fc8c6b2d6002804b4081c0208e0f6460ba1fa3e4"
  dependencies:
    ms "0.6.2"

depd@0.3.0:
  version "0.3.0"
  resolved "https://registry.yarnpkg.com/depd/-/depd-0.3.0.tgz#11c9bc28e425325fbd8b38940beff69fa5326883"

ee-first@1.0.3:
  version "1.0.3"
  resolved "https://registry.yarnpkg.com/ee-first/-/ee-first-1.0.3.tgz#6c98c4089abecb5a7b85c1ac449aa603d3b3dabe"

escape-html@1.0.1:
  version "1.0.1"
  resolved "https://registry.yarnpkg.com/escape-html/-/escape-html-1.0.1.tgz#181a286ead397a39a92857cfb1d43052e356bff0"

express@~4.5.0:
  version "4.5.0"
  resolved "https://registry.yarnpkg.com/express/-/express-4.5.0.tgz#64c68b9e41f66339c95a462f37f94ff436724bd7"
  dependencies:
    accepts "~1.0.7"
    buffer-crc32 "0.2.3"
    cookie "0.1.2"
    cookie-signature "1.0.4"
    debug "1.0.2"
    depd "0.3.0"
    escape-html "1.0.1"
    finalhandler "0.0.2"
    fresh "0.2.2"
    media-typer "0.2.0"
    merge-descriptors "0.0.2"
    methods "1.0.1"
    parseurl "1.0.1"
    path-to-regexp "0.1.2"
    proxy-addr "1.0.1"
    qs "0.6.6"
    range-parser "1.0.0"
    send "0.5.0"
    serve-static "~1.3.0"
    type-is "~1.3.2"
    utils-merge "1.0.0"
    vary "0.1.0"

finalhandler@0.0.2:
  version "0.0.2"
  resolved "https://registry.yarnpkg.com/finalhandler/-/finalhandler-0.0.2.tgz#0603d875ee87d567a266692815cc8ad44fcceeda"
  dependencies:
    debug "1.0.2"
    escape-html "1.0.1"

finished@1.2.2:
  version "1.2.2"
  resolved "https://registry.yarnpkg.com/finished/-/finished-1.2.2.tgz#41608eafadfd65683b46a1220bc4b1ec3daedcd8"
  dependencies:
    ee-first "1.0.3"

fresh@0.2.2:
  version "0.2.2"
  resolved "https://registry.yarnpkg.com/fresh/-/fresh-0.2.2.tgz#9731dcf5678c7faeb44fb903c4f72df55187fa77"

ipaddr.js@0.1.2:
  version "0.1.2"
  resolved "https://registry.yarnpkg.com/ipaddr.js/-/ipaddr.js-0.1.2.tgz#6a1fd3d854f5002965c34d7bbcd9b4a8d4b0467e"

leftpad@*:
  version "0.0.1"
  resolved "https://registry.yarnpkg.com/leftpad/-/leftpad-0.0.1.tgz#86b1a4de4face180ac545a83f1503523d8fed115"

lodash@~2.4.1:
  version "2.4.2"
  resolved "https://registry.yarnpkg.com/lodash/-/lodash-2.4.2.tgz#fadd834b9683073da179b3eae6d9c0d15053f73e"

logfmt@~1.1.2:
  version "1.1.3"
  resolved "https://registry.yarnpkg.com/logfmt/-/logfmt-1.1.3.tgz#a28e482535d27b8a324bf84b8856a11ef8a5acb6"
  dependencies:
    lodash "~2.4.1"
    split "0.2.x"
    through "2.3.x"

media-typer@0.2.0:
  version "0.2.0"
  resolved "https://registry.yarnpkg.com/media-typer/-/media-typer-0.2.0.tgz#d8a065213adfeaa2e76321a2b6dda36ff6335984"

merge-descriptors@0.0.2:
  version "0.0.2"
  resolved "https://registry.yarnpkg.com/merge-descriptors/-/merge-descriptors-0.0.2.tgz#c36a52a781437513c57275f39dd9d317514ac8c7"

methods@1.0.1:
  version "1.0.1"
  resolved "https://registry.yarnpkg.com/methods/-/methods-1.0.1.tgz#75bc91943dffd7da037cf3eeb0ed73a0037cd14b"

mime-types@~1.0.0, mime-types@~1.0.1:
  version "1.0.2"
  resolved "https://registry.yarnpkg.com/mime-types/-/mime-types-1.0.2.tgz#995ae1392ab8affcbfcb2641dd054e943c0d5dce"

mime@1.2.11:
  version "1.2.11"
  resolved "https://registry.yarnpkg.com/mime/-/mime-1.2.11.tgz#58203eed86e3a5ef17aed2b7d9ebd47f0a60dd10"

ms@0.6.2:
  version "0.6.2"
  resolved "https://registry.yarnpkg.com/ms/-/ms-0.6.2.tgz#d89c2124c6fdc1353d65a8b77bf1aac4b193708c"

negotiator@0.4.7:
  version "0.4.7"
  resolved "https://registry.yarnpkg.com/negotiator/-/negotiator-0.4.7.tgz#a4160f7177ec806738631d0d3052325da42abdc8"

parseurl@1.0.1:
  version "1.0.1"
  resolved "https://registry.yarnpkg.com/parseurl/-/parseurl-1.0.1.tgz#2e57dce6efdd37c3518701030944c22bf388b7b4"

parseurl@~1.1.3:
  version "1.1.3"
  resolved "https://registry.yarnpkg.com/parseurl/-/parseurl-1.1.3.tgz#1f005738ac71b417bc2d0845cbdfa2a8b63ea639"

path-to-regexp@0.1.2:
  version "0.1.2"
  resolved "https://registry.yarnpkg.com/path-to-regexp/-/path-to-regexp-0.1.2.tgz#9b2b151f9cc3018c9eea50ca95729e05781712b4"

proxy-addr@1.0.1:
  version "1.0.1"
  resolved "https://registry.yarnpkg.com/proxy-addr/-/proxy-addr-1.0.1.tgz#c7c566d5eb4e3fad67eeb9c77c5558ccc39b88a8"
  dependencies:
    ipaddr.js "0.1.2"

qs@0.6.6:
  version "0.6.6"
  resolved "https://registry.yarnpkg.com/qs/-/qs-0.6.6.tgz#6e015098ff51968b8a3c819001d5f2c89bc4b107"

range-parser@1.0.0, range-parser@~1.0.0:
  version "1.0.0"
  resolved "https://registry.yarnpkg.com/range-parser/-/range-parser-1.0.0.tgz#a4b264cfe0be5ce36abe3765ac9c2a248746dbc0"

send@0.5.0:
  version "0.5.0"
  resolved "https://registry.yarnpkg.com/send/-/send-0.5.0.tgz#fc0f7e2f92e29aebfd8a1b2deb4a394e7a531a68"
  dependencies:
    debug "1.0.2"
    escape-html "1.0.1"
    finished "1.2.2"
    fresh "0.2.2"
    mime "1.2.11"
    ms "0.6.2"
    range-parser "~1.0.0"

send@0.6.0:
  version "0.6.0"
  resolved "https://registry.yarnpkg.com/send/-/send-0.6.0.tgz#a59da9265db7c35141e1079cf1f368ee0d59b3ab"
  dependencies:
    debug "1.0.3"
    depd "0.3.0"
    escape-html "1.0.1"
    finished "1.2.2"
    fresh "0.2.2"
    mime "1.2.11"
    ms "0.6.2"
    range-parser "~1.0.0"

serve-static@~1.3.0:
  version "1.3.2"
  resolved "https://registry.yarnpkg.com/serve-static/-/serve-static-1.3.2.tgz#d904a6cbf55f511c78138f6f45ee6e69d9d105ca"
  dependencies:
    escape-html "1.0.1"
    parseurl "~1.1.3"
    send "0.6.0"

split@0.2.x:
  version "0.2.10"
  resolved "https://registry.yarnpkg.com/split/-/split-0.2.10.tgz#67097c601d697ce1368f418f06cd201cf0521a57"
  dependencies:
    through "2"

through@2, through@2.3.x:
  version "2.3.8"
  resolved "https://registry.yarnpkg.com/through/-/through-2.3.8.tgz#0dd4c9ffaabc357960b1b724115d7e0e86a2e1f5"

type-is@~1.3.2:
  version "1.3.2"
  resolved "https://registry.yarnpkg.com/type-is/-/type-is-1.3.2.tgz#4f2a5dc58775ca1630250afc7186f8b36309d1bb"
  dependencies:
    media-typer "0.2.0"
    mime-types "~1.0.1"

utils-merge@1.0.0:
  version "1.0.0"
  resolved "https://registry.yarnpkg.com/utils-merge/-/utils-merge-1.0.0.tgz#0294fb922bb9375153541c4f7096231f287c8af8"

vary@0.1.0:
  version "0.1.0"
  resolved "https://registry.yarnpkg.com/vary/-/vary-0.1.0.tgz#df0945899e93c0cc5bd18cc8321d9d21e74f6176"
