{
  "name": "node_web_app",
  "version": "0.0.0",
  "lockfileVersion": 1,
  "requires": true,
  "dependencies": {
    "leftpad": {
      "version": "0.0.1",
      "resolved": "https://registry.npmjs.org/leftpad/-/leftpad-0.0.1.tgz",
      "integrity": "sha1-hrGk3k+s4YCsVFqD8VA1I9j+0RU="
    }
  }
}
